{
    "_meta": {
        "hash": {
            "sha256": "9810eb37baf9fbfe7abad392db3fc3be3ebe283e6b183ebd9c94cb23799f4dbb"
        },
        "pipfile-spec": 6,
        "requires": {
            "python_version": "3.10"
        },
        "sources": [
            {
                "name": "pypi",
                "url": "https://pypi.org/simple",
                "verify_ssl": true
            }
        ]
    },
    "default": {
        "asgiref": {
            "hashes": [
                "sha256:89b2ef2247e3b562a16eef663bc0e2e703ec6468e2fa8a5cd61cd449786d4f6e",
                "sha256:9e0ce3aa93a819ba5b45120216b23878cf6e8525eb3848653452b4192b92afed"
            ],
            "markers": "python_version >= '3.7'",
            "version": "==3.7.2"
        },
        "django": {
            "hashes": [
                "sha256:45a747e1c5b3d6df1b141b1481e193b033fd1fdbda3ff52677dc81afdaacbaed",
                "sha256:f7c7852a5ac5a3da5a8d5b35cc6168f31b605971441798dac845f17ca8028039"
            ],
            "index": "pypi",
            "version": "==4.2.3"
        },
        "pillow": {
            "hashes": [
                "sha256:00e65f5e822decd501e374b0650146063fbb30a7264b4d2744bdd7b913e0cab5",
                "sha256:040586f7d37b34547153fa383f7f9aed68b738992380ac911447bb78f2abe530",
                "sha256:0b6eb5502f45a60a3f411c63187db83a3d3107887ad0d036c13ce836f8a36f1d",
                "sha256:1f62406a884ae75fb2f818694469519fb685cc7eaff05d3451a9ebe55c646891",
                "sha256:22c10cc517668d44b211717fd9775799ccec4124b9a7f7b3635fc5386e584992",
                "sha256:3400aae60685b06bb96f99a21e1ada7bc7a413d5f49bce739828ecd9391bb8f7",
                "sha256:349930d6e9c685c089284b013478d6f76e3a534e36ddfa912cde493f235372f3",
                "sha256:368ab3dfb5f49e312231b6f27b8820c823652b7cd29cfbd34090565a015e99ba",
                "sha256:38250a349b6b390ee6047a62c086d3817ac69022c127f8a5dc058c31ccef17f3",
                "sha256:3a684105f7c32488f7153905a4e3015a3b6c7182e106fe3c37fbb5ef3e6994c3",
                "sha256:3a82c40d706d9aa9734289740ce26460a11aeec2d9c79b7af87bb35f0073c12f",
                "sha256:3b08d4cc24f471b2c8ca24ec060abf4bebc6b144cb89cba638c720546b1cf538",
                "sha256:3ed64f9ca2f0a95411e88a4efbd7a29e5ce2cea36072c53dd9d26d9c76f753b3",
                "sha256:3f07ea8d2f827d7d2a49ecf1639ec02d75ffd1b88dcc5b3a61bbb37a8759ad8d",
                "sha256:520f2a520dc040512699f20fa1c363eed506e94248d71f85412b625026f6142c",
                "sha256:5c6e3df6bdd396749bafd45314871b3d0af81ff935b2d188385e970052091017",
                "sha256:608bfdee0d57cf297d32bcbb3c728dc1da0907519d1784962c5f0c68bb93e5a3",
                "sha256:685ac03cc4ed5ebc15ad5c23bc555d68a87777586d970c2c3e216619a5476223",
                "sha256:76de421f9c326da8f43d690110f0e79fe3ad1e54be811545d7d91898b4c8493e",
                "sha256:76edb0a1fa2b4745fb0c99fb9fb98f8b180a1bbceb8be49b087e0b21867e77d3",
                "sha256:7be600823e4c8631b74e4a0d38384c73f680e6105a7d3c6824fcf226c178c7e6",
                "sha256:81ff539a12457809666fef6624684c008e00ff6bf455b4b89fd00a140eecd640",
                "sha256:88af2003543cc40c80f6fca01411892ec52b11021b3dc22ec3bc9d5afd1c5334",
                "sha256:8c11160913e3dd06c8ffdb5f233a4f254cb449f4dfc0f8f4549eda9e542c93d1",
                "sha256:8f8182b523b2289f7c415f589118228d30ac8c355baa2f3194ced084dac2dbba",
                "sha256:9211e7ad69d7c9401cfc0e23d49b69ca65ddd898976d660a2fa5904e3d7a9baa",
                "sha256:92be919bbc9f7d09f7ae343c38f5bb21c973d2576c1d45600fce4b74bafa7ac0",
                "sha256:9c82b5b3e043c7af0d95792d0d20ccf68f61a1fec6b3530e718b688422727396",
                "sha256:9f7c16705f44e0504a3a2a14197c1f0b32a95731d251777dcb060aa83022cb2d",
                "sha256:9fb218c8a12e51d7ead2a7c9e101a04982237d4855716af2e9499306728fb485",
                "sha256:a74ba0c356aaa3bb8e3eb79606a87669e7ec6444be352870623025d75a14a2bf",
                "sha256:b4f69b3700201b80bb82c3a97d5e9254084f6dd5fb5b16fc1a7b974260f89f43",
                "sha256:c189af0545965fa8d3b9613cfdb0cd37f9d71349e0f7750e1fd704648d475ed2",
                "sha256:c1fbe7621c167ecaa38ad29643d77a9ce7311583761abf7836e1510c580bf3dd",
                "sha256:c7cf14a27b0d6adfaebb3ae4153f1e516df54e47e42dcc073d7b3d76111a8d86",
                "sha256:c9f72a021fbb792ce98306ffb0c348b3c9cb967dce0f12a49aa4c3d3fdefa967",
                "sha256:cd25d2a9d2b36fcb318882481367956d2cf91329f6892fe5d385c346c0649629",
                "sha256:ce543ed15570eedbb85df19b0a1a7314a9c8141a36ce089c0a894adbfccb4568",
                "sha256:ce7b031a6fc11365970e6a5686d7ba8c63e4c1cf1ea143811acbb524295eabed",
                "sha256:d35e3c8d9b1268cbf5d3670285feb3528f6680420eafe35cccc686b73c1e330f",
                "sha256:d50b6aec14bc737742ca96e85d6d0a5f9bfbded018264b3b70ff9d8c33485551",
                "sha256:d5d0dae4cfd56969d23d94dc8e89fb6a217be461c69090768227beb8ed28c0a3",
                "sha256:d5db32e2a6ccbb3d34d87c87b432959e0db29755727afb37290e10f6e8e62614",
                "sha256:d72e2ecc68a942e8cf9739619b7f408cc7b272b279b56b2c83c6123fcfa5cdff",
                "sha256:d737a602fbd82afd892ca746392401b634e278cb65d55c4b7a8f48e9ef8d008d",
                "sha256:d80cf684b541685fccdd84c485b31ce73fc5c9b5d7523bf1394ce134a60c6883",
                "sha256:db24668940f82321e746773a4bc617bfac06ec831e5c88b643f91f122a785684",
                "sha256:dbc02381779d412145331789b40cc7b11fdf449e5d94f6bc0b080db0a56ea3f0",
                "sha256:dffe31a7f47b603318c609f378ebcd57f1554a3a6a8effbc59c3c69f804296de",
                "sha256:edf4392b77bdc81f36e92d3a07a5cd072f90253197f4a52a55a8cec48a12483b",
                "sha256:efe8c0681042536e0d06c11f48cebe759707c9e9abf880ee213541c5b46c5bf3",
                "sha256:f31f9fdbfecb042d046f9d91270a0ba28368a723302786c0009ee9b9f1f60199",
                "sha256:f88a0b92277de8e3ca715a0d79d68dc82807457dae3ab8699c758f07c20b3c51",
                "sha256:faaf07ea35355b01a35cb442dd950d8f1bb5b040a7787791a535de13db15ed90"
            ],
            "index": "pypi",
            "version": "==10.0.0"
        },
        "psycopg": {
            "extras": [
                "binary",
                "pool"
            ],
            "hashes": [
                "sha256:ab400f207a8c120bafdd8077916d8f6c0106e809401378708485b016508c30c9",
                "sha256:fbbac339274d8733ee70ba9822297af3e8871790a26e967b5ea53e30a4b74dcc"
            ],
            "index": "pypi",
            "version": "==3.1.9"
        },
        "psycopg-binary": {
            "hashes": [
                "sha256:03b08545ce1c627f4d5e6384eda2946660c4ba6ceb0a09ae47de07419f725669",
                "sha256:055537a9c20efe9bf17cb72bd879602eda71de6f737ebafa1953e017c6a37fbe",
                "sha256:058ab0d79be0b229338f0e61fec6f475077518cba63c22c593645a69f01c3e23",
                "sha256:07414daa86662f7657e9fabe49af85a32a975e92e6568337887d9c9ffedc224f",
                "sha256:09167f106e7685591b4cdf58eff0191fb7435d586f384133a0dd30df646cf409",
                "sha256:17c5d4936c746f5125c6ef9eb43655e27d4d0c9ffe34c3073878b43c3192511d",
                "sha256:1e31bac3d2d41e6446b20b591f638943328c958f4d1ce13d6f1c5db97c3a8dee",
                "sha256:2340ca2531f69e5ebd9d18987362ba57ed6ab6a271511d8026814a46a2a87b59",
                "sha256:25e3ce947aaaa1bd9f1920fca76d7281660646304f9ea5bc036b201dd8790655",
                "sha256:284038cbe3f5a0f3de417af9b5eaa2a9524a3a06211523cf245111c71b566506",
                "sha256:2f94a7985135e084e122b143956c6f589d17aef743ecd0a434a3d3a222631d5a",
                "sha256:3836bdaf030a5648bd5f5b452e4b068b265e28f9199060c5b70dbf4a218cde6e",
                "sha256:3a82e77400d1ef6c5bbcf3e600e8bdfacf1a554512f96c090c43ceca3d1ce3b6",
                "sha256:3b62545cc64dd69ea0ae5ffe18d7c97e03660ab8244aa8c5172668a21c41daa0",
                "sha256:3b816ce0e27a2a8786d34b61d3e36e01029245025879d64b88554326b794a4f0",
                "sha256:3bb86d58b90faefdc0bbedf08fdea4cc2afcb1cfa4340f027d458bfd01d8b812",
                "sha256:3d91ee0d33ac7b42d0488a9be2516efa2ec00901b81d69566ff34a7a94b66c0b",
                "sha256:4213953da44324850c8f789301cf665f46fb94301ba403301e7af58546c3a428",
                "sha256:4c1def6c2d28e257325b3b208cf1966343b498282a0f4d390fda7b7e0577da64",
                "sha256:53afb0cc2ebe74651f339e22d05ec082a0f44939715d9138d357852f074fcf55",
                "sha256:5833bda4c14f24c6a8ac08d3c5712acaa4f35aab31f9ccd2265e9e9a7d0151c8",
                "sha256:5b164355d023a91b23dcc4bb3112bc7d6e9b9c938fb5abcb6e54457d2da1f317",
                "sha256:5cdc13c8ec1437240801e43d07e27ff6479ac9dd8583ecf647345bfd2e8390e4",
                "sha256:63e8d1dbe253657c70dbfa9c59423f4654d82698fc5ed6868b8dc0765abe20b6",
                "sha256:6c696dc84f9ff155761df15779181d8e4af7746b98908e130add8259912e4bb7",
                "sha256:7b36fe4314a784fbe45c9fd71c902b9bf57341aff9b97c0cbd22f8409a271e2f",
                "sha256:81e34d6df54329424944d5ca91b1cc77df6b8a9130cb5480680d56f53d4e485c",
                "sha256:82704a899d57c29beba5399d41eab5ef5c238b810d7e25e2d1916d2b34c4b1a3",
                "sha256:87e0c97733b11eeca3d24e56df70f3f9d792b2abd46f48be2fb2348ffc3e7e39",
                "sha256:90787ac05b932c0fc678cbf470ccea9c385b8077583f0490136b4569ed3fb652",
                "sha256:96725d9691a84a21eb3e81c884a2e043054e33e176801a57a05e9ac38d142c6e",
                "sha256:98d9d156b9ada08c271a79662fc5fcc1731b4d7c1f651ef5843d818d35f15ba0",
                "sha256:9c114f678e8f4a96530fa79cfd84f65f26358ecfc6cca70cfa2d5e3ae5ef217a",
                "sha256:9c75be2a9b986139e3ff6bc0a2852081ac00811040f9b82d3aa539821311122e",
                "sha256:a207d5a7f4212443b7452851c9ccd88df9c6d4d58fa2cea2ead4dd9cb328e578",
                "sha256:a274c63c8fb9d419509bed2ef72befc1fd04243972e17e7f5afc5725cb13a560",
                "sha256:a8aaa47c1791fc05c0229ec1003dd49e13238fba9434e1fc3b879632f749c3c4",
                "sha256:b1a321ef3579a8de0545ade6ff1edfde0c88b8847d58c5615c03751c76054796",
                "sha256:b246fed629482b06f938b23e9281c4af592329daa3ec2cd4a6841ccbfdeb4d68",
                "sha256:c0b8d6bbeff1dba760a208d8bc205a05b745e6cee02b839f969f72cf56a8b80d",
                "sha256:c3a13aa022853891cadbc7256a9804e5989def760115c82334bddf0d19783b0b",
                "sha256:c7d990f14a37345ca05a5192cd5ac938c9cbedca9c929872af6ae311158feb0e",
                "sha256:ce8f4dea5934aa6c4933e559c74bef4beb3413f51fbcf17f306ce890216ac33a",
                "sha256:d2cea4bb0b19245c83486868d7c66f73238c4caa266b5b3c3d664d10dab2ab56",
                "sha256:dade344aa90bb0b57d1cfc13304ed83ab9a36614b8ddd671381b2de72fe1483d",
                "sha256:db866cc557d9761036771d666d17fa4176c537af7e6098f42a6bf8f64217935f",
                "sha256:dfe5c5c31f59ccb1d1f473466baa93d800138186286e80e251f930e49c80d208",
                "sha256:e0ca74fd85718723bb9f08e0c6898e901a0c365aef20b3c3a4ef8709125d6210",
                "sha256:e2f463079d99568a343ed0b766150b30627e9ed41de99fd82e945e7e2bec764a",
                "sha256:eab449e39db1c429cac79b7aa27e6827aad4995f32137e922db7254f43fed7b5",
                "sha256:f2cbdef6568da21c39dfd45c2074e85eabbd00e1b721832ba94980f01f582dd4",
                "sha256:f41a9e0de4db194c053bcc7c00c35422a4d19d92a8187e8065b1c560626efe35",
                "sha256:f4da4ca9b2365fc1d3fc741c3bbd3efccd892ce813444b884c8911a1acf1c932",
                "sha256:f5e36504373e5bcdc954b1da1c6fe66379007fe1e329790e8fb72b879a01e097"
            ],
            "version": "==3.1.9"
        },
        "psycopg-pool": {
            "hashes": [
                "sha256:ca1f2c366b5910acd400e16e812912827c57836af638c1717ba495111d22073b",
                "sha256:d02741dc48303495f4021900630442af87d6b1c3bfd1a3ece54cc11aa43d7dde"
            ],
            "version": "==3.1.7"
        },
        "sqlparse": {
            "hashes": [
                "sha256:5430a4fe2ac7d0f93e66f1efc6e1338a41884b7ddf2a350cedd20ccc4d9d28f3",
                "sha256:d446183e84b8349fa3061f0fe7f06ca94ba65b426946ffebe6e3e8295332420c"
            ],
            "markers": "python_version >= '3.5'",
            "version": "==0.4.4"
        },
        "typing-extensions": {
            "hashes": [
                "sha256:440d5dd3af93b060174bf433bccd69b0babc3b15b1a8dca43789fd7f61514b36",
                "sha256:b75ddc264f0ba5615db7ba217daeb99701ad295353c45f9e95963337ceeeffb2"
            ],
            "markers": "python_version >= '3.7'",
            "version": "==4.7.1"
        },
        "tzdata": {
            "hashes": [
                "sha256:11ef1e08e54acb0d4f95bdb1be05da659673de4acbd21bf9c69e94cc5e907a3a",
                "sha256:7e65763eef3120314099b6939b5546db7adce1e7d6f2e179e3df563c70511eda"
            ],
            "markers": "sys_platform == 'win32'",
            "version": "==2023.3"
        }
    },
    "develop": {}
}
